
Microsoft Visual Studio Solution File, Format Version 12.00
# Visual Studio Version 17
VisualStudioVersion = 17.9.34723.18
MinimumVisualStudioVersion = 10.0.40219.1
Project("{FAE04EC0-301F-11D3-BF4B-00C04F79EFBC}") = "SampleAPI", "SampleAPI\SampleAPI.csproj", "{2E8D63BF-2E57-4362-8413-D1834D781142}"
EndProject
Global
	GlobalSection(SolutionConfigurationPlatforms) = preSolution
		Debug|Any CPU = Debug|Any CPU
		Release|Any CPU = Release|Any CPU
	EndGlobalSection
	GlobalSection(ProjectConfigurationPlatforms) = postSolution
		{2E8D63BF-2E57-4362-8413-D1834D781142}.Debug|Any CPU.ActiveCfg = Debug|Any CPU
		{2E8D63BF-2E57-4362-8413-D1834D781142}.Debug|Any CPU.Build.0 = Debug|Any CPU
		{2E8D63BF-2E57-4362-8413-D1834D781142}.Release|Any CPU.ActiveCfg = Release|Any CPU
		{2E8D63BF-2E57-4362-8413-D1834D781142}.Release|Any CPU.Build.0 = Release|Any CPU
	EndGlobalSection
	GlobalSection(SolutionProperties) = preSolution
		HideSolutionNode = FALSE
	EndGlobalSection
	GlobalSection(ExtensibilityGlobals) = postSolution
		SolutionGuid = {CC9FF4B5-5E31-45FE-8CFF-5DD125951032}
	EndGlobalSection
EndGlobal
