
Microsoft Visual Studio Solution File, Format Version 12.00
# Visual Studio Version 17
VisualStudioVersion = 17.9.34723.18
MinimumVisualStudioVersion = 10.0.40219.1
Project("{FAE04EC0-301F-11D3-BF4B-00C04F79EFBC}") = "QuizApp", "QuizApp\QuizApp.csproj", "{59B013CF-FC08-40CA-9C7F-B10BA8262640}"
EndProject
Project("{FAE04EC0-301F-11D3-BF4B-00C04F79EFBC}") = "QuizAppModelLibrary", "QuizAppModelLibrary\QuizAppModelLibrary.csproj", "{EA4095B2-E085-4E4E-9657-C560DFBA439E}"
EndProject
Project("{FAE04EC0-301F-11D3-BF4B-00C04F79EFBC}") = "QuizDALLibrary", "QuizDALLibrary\QuizDALLibrary.csproj", "{AF706F2D-01B3-438A-8397-F1D331681B3E}"
EndProject
Project("{FAE04EC0-301F-11D3-BF4B-00C04F79EFBC}") = "QuizAppBLLibrary", "QuizAppBLLibrary\QuizAppBLLibrary.csproj", "{F7847759-8831-4894-BE8B-6EDA8420A32D}"
EndProject
Global
	GlobalSection(SolutionConfigurationPlatforms) = preSolution
		Debug|Any CPU = Debug|Any CPU
		Release|Any CPU = Release|Any CPU
	EndGlobalSection
	GlobalSection(ProjectConfigurationPlatforms) = postSolution
		{59B013CF-FC08-40CA-9C7F-B10BA8262640}.Debug|Any CPU.ActiveCfg = Debug|Any CPU
		{59B013CF-FC08-40CA-9C7F-B10BA8262640}.Debug|Any CPU.Build.0 = Debug|Any CPU
		{59B013CF-FC08-40CA-9C7F-B10BA8262640}.Release|Any CPU.ActiveCfg = Release|Any CPU
		{59B013CF-FC08-40CA-9C7F-B10BA8262640}.Release|Any CPU.Build.0 = Release|Any CPU
		{EA4095B2-E085-4E4E-9657-C560DFBA439E}.Debug|Any CPU.ActiveCfg = Debug|Any CPU
		{EA4095B2-E085-4E4E-9657-C560DFBA439E}.Debug|Any CPU.Build.0 = Debug|Any CPU
		{EA4095B2-E085-4E4E-9657-C560DFBA439E}.Release|Any CPU.ActiveCfg = Release|Any CPU
		{EA4095B2-E085-4E4E-9657-C560DFBA439E}.Release|Any CPU.Build.0 = Release|Any CPU
		{AF706F2D-01B3-438A-8397-F1D331681B3E}.Debug|Any CPU.ActiveCfg = Debug|Any CPU
		{AF706F2D-01B3-438A-8397-F1D331681B3E}.Debug|Any CPU.Build.0 = Debug|Any CPU
		{AF706F2D-01B3-438A-8397-F1D331681B3E}.Release|Any CPU.ActiveCfg = Release|Any CPU
		{AF706F2D-01B3-438A-8397-F1D331681B3E}.Release|Any CPU.Build.0 = Release|Any CPU
		{F7847759-8831-4894-BE8B-6EDA8420A32D}.Debug|Any CPU.ActiveCfg = Debug|Any CPU
		{F7847759-8831-4894-BE8B-6EDA8420A32D}.Debug|Any CPU.Build.0 = Debug|Any CPU
		{F7847759-8831-4894-BE8B-6EDA8420A32D}.Release|Any CPU.ActiveCfg = Release|Any CPU
		{F7847759-8831-4894-BE8B-6EDA8420A32D}.Release|Any CPU.Build.0 = Release|Any CPU
	EndGlobalSection
	GlobalSection(SolutionProperties) = preSolution
		HideSolutionNode = FALSE
	EndGlobalSection
	GlobalSection(ExtensibilityGlobals) = postSolution
		SolutionGuid = {822B7D57-BF5B-4F9A-B1A7-E428497E2422}
	EndGlobalSection
EndGlobal
