
Microsoft Visual Studio Solution File, Format Version 12.00
# Visual Studio Version 17
VisualStudioVersion = 17.9.34723.18
MinimumVisualStudioVersion = 10.0.40219.1
Project("{FAE04EC0-301F-11D3-BF4B-00C04F79EFBC}") = "EmployeeRequestTrackerAPI", "EmployeeRequestTrackerAPI\EmployeeRequestTrackerAPI.csproj", "{428B68D2-8D2F-4C43-BB4F-73D3DE957F87}"
EndProject
Global
	GlobalSection(SolutionConfigurationPlatforms) = preSolution
		Debug|Any CPU = Debug|Any CPU
		Release|Any CPU = Release|Any CPU
	EndGlobalSection
	GlobalSection(ProjectConfigurationPlatforms) = postSolution
		{428B68D2-8D2F-4C43-BB4F-73D3DE957F87}.Debug|Any CPU.ActiveCfg = Debug|Any CPU
		{428B68D2-8D2F-4C43-BB4F-73D3DE957F87}.Debug|Any CPU.Build.0 = Debug|Any CPU
		{428B68D2-8D2F-4C43-BB4F-73D3DE957F87}.Release|Any CPU.ActiveCfg = Release|Any CPU
		{428B68D2-8D2F-4C43-BB4F-73D3DE957F87}.Release|Any CPU.Build.0 = Release|Any CPU
	EndGlobalSection
	GlobalSection(SolutionProperties) = preSolution
		HideSolutionNode = FALSE
	EndGlobalSection
	GlobalSection(ExtensibilityGlobals) = postSolution
		SolutionGuid = {08293781-0269-411C-A436-56CD8E7C97CA}
	EndGlobalSection
EndGlobal
